
Microsoft Visual Studio Solution File, Format Version 12.00
# Visual Studio Version 16
VisualStudioVersion = 16.0.30717.126
MinimumVisualStudioVersion = 10.0.40219.1
Project("{FAE04EC0-301F-11D3-BF4B-00C04F79EFBC}") = "ConsoleTest", "ConsoleTest\ConsoleTest.csproj", "{85F31E0E-049C-4A7B-A9AA-E7E9251C4F8F}"
EndProject
Global
	GlobalSection(SolutionConfigurationPlatforms) = preSolution
		Debug|Any CPU = Debug|Any CPU
		Release|Any CPU = Release|Any CPU
	EndGlobalSection
	GlobalSection(ProjectConfigurationPlatforms) = postSolution
		{85F31E0E-049C-4A7B-A9AA-E7E9251C4F8F}.Debug|Any CPU.ActiveCfg = Debug|Any CPU
		{85F31E0E-049C-4A7B-A9AA-E7E9251C4F8F}.Debug|Any CPU.Build.0 = Debug|Any CPU
		{85F31E0E-049C-4A7B-A9AA-E7E9251C4F8F}.Release|Any CPU.ActiveCfg = Release|Any CPU
		{85F31E0E-049C-4A7B-A9AA-E7E9251C4F8F}.Release|Any CPU.Build.0 = Release|Any CPU
	EndGlobalSection
	GlobalSection(SolutionProperties) = preSolution
		HideSolutionNode = FALSE
	EndGlobalSection
	GlobalSection(ExtensibilityGlobals) = postSolution
		SolutionGuid = {0D1E5A47-C558-489D-8239-E8AFA8F07CA3}
	EndGlobalSection
EndGlobal
